
Microsoft Visual Studio Solution File, Format Version 12.00
# Visual Studio Version 16
VisualStudioVersion = 16.0.32106.194
MinimumVisualStudioVersion = 10.0.40219.1
Project("{FAE04EC0-301F-11D3-BF4B-00C04F79EFBC}") = "01-ByteBank", "01-ByteBank\01-ByteBank.csproj", "{A29C02DC-54CA-44AD-94D8-0597A1D0263E}"
EndProject
Global
	GlobalSection(SolutionConfigurationPlatforms) = preSolution
		Debug|Any CPU = Debug|Any CPU
		Release|Any CPU = Release|Any CPU
	EndGlobalSection
	GlobalSection(ProjectConfigurationPlatforms) = postSolution
		{A29C02DC-54CA-44AD-94D8-0597A1D0263E}.Debug|Any CPU.ActiveCfg = Debug|Any CPU
		{A29C02DC-54CA-44AD-94D8-0597A1D0263E}.Debug|Any CPU.Build.0 = Debug|Any CPU
		{A29C02DC-54CA-44AD-94D8-0597A1D0263E}.Release|Any CPU.ActiveCfg = Release|Any CPU
		{A29C02DC-54CA-44AD-94D8-0597A1D0263E}.Release|Any CPU.Build.0 = Release|Any CPU
	EndGlobalSection
	GlobalSection(SolutionProperties) = preSolution
		HideSolutionNode = FALSE
	EndGlobalSection
	GlobalSection(ExtensibilityGlobals) = postSolution
		SolutionGuid = {3B6F1DBB-4578-4C10-A00F-26CD4708DD65}
	EndGlobalSection
EndGlobal
